
Microsoft Visual Studio Solution File, Format Version 12.00
# Visual Studio Version 17
VisualStudioVersion = 17.2.32516.85
MinimumVisualStudioVersion = 10.0.40219.1
Project("{FAE04EC0-301F-11D3-BF4B-00C04F79EFBC}") = "Ejercicio2_4ANGELGARCIA.Android", "Ejercicio2_4ANGELGARCIA.Android\Ejercicio2_4ANGELGARCIA.Android.csproj", "{5733AE6C-43AD-406C-8B60-E7DED7DA8CD2}"
EndProject
Project("{FAE04EC0-301F-11D3-BF4B-00C04F79EFBC}") = "Ejercicio2_4ANGELGARCIA", "Ejercicio2_4ANGELGARCIA\Ejercicio2_4ANGELGARCIA.csproj", "{081CB653-CB52-4B72-BFB4-E6C2E0232ABF}"
EndProject
Global
	GlobalSection(SolutionConfigurationPlatforms) = preSolution
		Debug|Any CPU = Debug|Any CPU
		Release|Any CPU = Release|Any CPU
	EndGlobalSection
	GlobalSection(ProjectConfigurationPlatforms) = postSolution
		{5733AE6C-43AD-406C-8B60-E7DED7DA8CD2}.Debug|Any CPU.ActiveCfg = Debug|Any CPU
		{5733AE6C-43AD-406C-8B60-E7DED7DA8CD2}.Debug|Any CPU.Build.0 = Debug|Any CPU
		{5733AE6C-43AD-406C-8B60-E7DED7DA8CD2}.Debug|Any CPU.Deploy.0 = Debug|Any CPU
		{5733AE6C-43AD-406C-8B60-E7DED7DA8CD2}.Release|Any CPU.ActiveCfg = Release|Any CPU
		{5733AE6C-43AD-406C-8B60-E7DED7DA8CD2}.Release|Any CPU.Build.0 = Release|Any CPU
		{5733AE6C-43AD-406C-8B60-E7DED7DA8CD2}.Release|Any CPU.Deploy.0 = Release|Any CPU
		{081CB653-CB52-4B72-BFB4-E6C2E0232ABF}.Debug|Any CPU.ActiveCfg = Debug|Any CPU
		{081CB653-CB52-4B72-BFB4-E6C2E0232ABF}.Debug|Any CPU.Build.0 = Debug|Any CPU
		{081CB653-CB52-4B72-BFB4-E6C2E0232ABF}.Debug|Any CPU.Deploy.0 = Debug|Any CPU
		{081CB653-CB52-4B72-BFB4-E6C2E0232ABF}.Release|Any CPU.ActiveCfg = Release|Any CPU
		{081CB653-CB52-4B72-BFB4-E6C2E0232ABF}.Release|Any CPU.Build.0 = Release|Any CPU
		{081CB653-CB52-4B72-BFB4-E6C2E0232ABF}.Release|Any CPU.Deploy.0 = Release|Any CPU
	EndGlobalSection
	GlobalSection(SolutionProperties) = preSolution
		HideSolutionNode = FALSE
	EndGlobalSection
	GlobalSection(ExtensibilityGlobals) = postSolution
		SolutionGuid = {A56F4BCA-8D41-4239-9E44-9C5F3BB5FBCB}
	EndGlobalSection
EndGlobal
